// !$*UTF8*$!
{
	archiveVersion = 1;
	classes = {
	};
	objectVersion = 55;
	objects = {

/* Begin PBXBuildFile section */
		80E8EAFA27E9FF730012325D /* AppDelegate.swift in Sources */ = {isa = PBXBuildFile; fileRef = 80E8EAF927E9FF730012325D /* AppDelegate.swift */; };
		80E8EAFC27E9FF730012325D /* SceneDelegate.swift in Sources */ = {isa = PBXBuildFile; fileRef = 80E8EAFB27E9FF730012325D /* SceneDelegate.swift */; };
		80E8EAFE27E9FF730012325D /* ViewController.swift in Sources */ = {isa = PBXBuildFile; fileRef = 80E8EAFD27E9FF730012325D /* ViewController.swift */; };
		80E8EB0127E9FF730012325D /* Main.storyboard in Resources */ = {isa = PBXBuildFile; fileRef = 80E8EAFF27E9FF730012325D /* Main.storyboard */; };
		80E8EB0327E9FF740012325D /* Assets.xcassets in Resources */ = {isa = PBXBuildFile; fileRef = 80E8EB0227E9FF740012325D /* Assets.xcassets */; };
		80E8EB0627E9FF740012325D /* LaunchScreen.storyboard in Resources */ = {isa = PBXBuildFile; fileRef = 80E8EB0427E9FF740012325D /* LaunchScreen.storyboard */; };
		80E8EB1127E9FF740012325D /* CatchKennyAppTests.swift in Sources */ = {isa = PBXBuildFile; fileRef = 80E8EB1027E9FF740012325D /* CatchKennyAppTests.swift */; };
		80E8EB1B27E9FF740012325D /* CatchKennyAppUITests.swift in Sources */ = {isa = PBXBuildFile; fileRef = 80E8EB1A27E9FF740012325D /* CatchKennyAppUITests.swift */; };
		80E8EB1D27E9FF740012325D /* CatchKennyAppUITestsLaunchTests.swift in Sources */ = {isa = PBXBuildFile; fileRef = 80E8EB1C27E9FF740012325D /* CatchKennyAppUITestsLaunchTests.swift */; };
/* End PBXBuildFile section */

/* Begin PBXContainerItemProxy section */
		80E8EB0D27E9FF740012325D /* PBXContainerItemProxy */ = {
			isa = PBXContainerItemProxy;
			containerPortal = 80E8EAEE27E9FF730012325D /* Project object */;
			proxyType = 1;
			remoteGlobalIDString = 80E8EAF527E9FF730012325D;
			remoteInfo = CatchKennyApp;
		};
		80E8EB1727E9FF740012325D /* PBXContainerItemProxy */ = {
			isa = PBXContainerItemProxy;
			containerPortal = 80E8EAEE27E9FF730012325D /* Project object */;
			proxyType = 1;
			remoteGlobalIDString = 80E8EAF527E9FF730012325D;
			remoteInfo = CatchKennyApp;
		};
/* End PBXContainerItemProxy section */

/* Begin PBXFileReference section */
		80E8EAF627E9FF730012325D /* CatchKennyApp.app */ = {isa = PBXFileReference; explicitFileType = wrapper.application; includeInIndex = 0; path = CatchKennyApp.app; sourceTree = BUILT_PRODUCTS_DIR; };
		80E8EAF927E9FF730012325D /* AppDelegate.swift */ = {isa = PBXFileReference; lastKnownFileType = sourcecode.swift; path = AppDelegate.swift; sourceTree = "<group>"; };
		80E8EAFB27E9FF730012325D /* SceneDelegate.swift */ = {isa = PBXFileReference; lastKnownFileType = sourcecode.swift; path = SceneDelegate.swift; sourceTree = "<group>"; };
		80E8EAFD27E9FF730012325D /* ViewController.swift */ = {isa = PBXFileReference; lastKnownFileType = sourcecode.swift; path = ViewController.swift; sourceTree = "<group>"; };
		80E8EB0027E9FF730012325D /* Base */ = {isa = PBXFileReference; lastKnownFileType = file.storyboard; name = Base; path = Base.lproj/Main.storyboard; sourceTree = "<group>"; };
		80E8EB0227E9FF740012325D /* Assets.xcassets */ = {isa = PBXFileReference; lastKnownFileType = folder.assetcatalog; path = Assets.xcassets; sourceTree = "<group>"; };
		80E8EB0527E9FF740012325D /* Base */ = {isa = PBXFileReference; lastKnownFileType = file.storyboard; name = Base; path = Base.lproj/LaunchScreen.storyboard; sourceTree = "<group>"; };
		80E8EB0727E9FF740012325D /* Info.plist */ = {isa = PBXFileReference; lastKnownFileType = text.plist.xml; path = Info.plist; sourceTree = "<group>"; };
		80E8EB0C27E9FF740012325D /* CatchKennyAppTests.xctest */ = {isa = PBXFileReference; explicitFileType = wrapper.cfbundle; includeInIndex = 0; path = CatchKennyAppTests.xctest; sourceTree = BUILT_PRODUCTS_DIR; };
		80E8EB1027E9FF740012325D /* CatchKennyAppTests.swift */ = {isa = PBXFileReference; lastKnownFileType = sourcecode.swift; path = CatchKennyAppTests.swift; sourceTree = "<group>"; };
		80E8EB1627E9FF740012325D /* CatchKennyAppUITests.xctest */ = {isa = PBXFileReference; explicitFileType = wrapper.cfbundle; includeInIndex = 0; path = CatchKennyAppUITests.xctest; sourceTree = BUILT_PRODUCTS_DIR; };
		80E8EB1A27E9FF740012325D /* CatchKennyAppUITests.swift */ = {isa = PBXFileReference; lastKnownFileType = sourcecode.swift; path = CatchKennyAppUITests.swift; sourceTree = "<group>"; };
		80E8EB1C27E9FF740012325D /* CatchKennyAppUITestsLaunchTests.swift */ = {isa = PBXFileReference; lastKnownFileType = sourcecode.swift; path = CatchKennyAppUITestsLaunchTests.swift; sourceTree = "<group>"; };
/* End PBXFileReference section */

/* Begin PBXFrameworksBuildPhase section */
		80E8EAF327E9FF730012325D /* Frameworks */ = {
			isa = PBXFrameworksBuildPhase;
			buildActionMask = 2147483647;
			files = (
			);
			runOnlyForDeploymentPostprocessing = 0;
		};
		80E8EB0927E9FF740012325D /* Frameworks */ = {
			isa = PBXFrameworksBuildPhase;
			buildActionMask = 2147483647;
			files = (
			);
			runOnlyForDeploymentPostprocessing = 0;
		};
		80E8EB1327E9FF740012325D /* Frameworks */ = {
			isa = PBXFrameworksBuildPhase;
			buildActionMask = 2147483647;
			files = (
			);
			runOnlyForDeploymentPostprocessing = 0;
		};
/* End PBXFrameworksBuildPhase section */

/* Begin PBXGroup section */
		80E8EAED27E9FF730012325D = {
			isa = PBXGroup;
			children = (
				80E8EAF827E9FF730012325D /* CatchKennyApp */,
				80E8EB0F27E9FF740012325D /* CatchKennyAppTests */,
				80E8EB1927E9FF740012325D /* CatchKennyAppUITests */,
				80E8EAF727E9FF730012325D /* Products */,
			);
			sourceTree = "<group>";
		};
		80E8EAF727E9FF730012325D /* Products */ = {
			isa = PBXGroup;
			children = (
				80E8EAF627E9FF730012325D /* CatchKennyApp.app */,
				80E8EB0C27E9FF740012325D /* CatchKennyAppTests.xctest */,
				80E8EB1627E9FF740012325D /* CatchKennyAppUITests.xctest */,
			);
			name = Products;
			sourceTree = "<group>";
		};
		80E8EAF827E9FF730012325D /* CatchKennyApp */ = {
			isa = PBXGroup;
			children = (
				80E8EAF927E9FF730012325D /* AppDelegate.swift */,
				80E8EAFB27E9FF730012325D /* SceneDelegate.swift */,
				80E8EAFD27E9FF730012325D /* ViewController.swift */,
				80E8EAFF27E9FF730012325D /* Main.storyboard */,
				80E8EB0227E9FF740012325D /* Assets.xcassets */,
				80E8EB0427E9FF740012325D /* LaunchScreen.storyboard */,
				80E8EB0727E9FF740012325D /* Info.plist */,
			);
			path = CatchKennyApp;
			sourceTree = "<group>";
		};
		80E8EB0F27E9FF740012325D /* CatchKennyAppTests */ = {
			isa = PBXGroup;
			children = (
				80E8EB1027E9FF740012325D /* CatchKennyAppTests.swift */,
			);
			path = CatchKennyAppTests;
			sourceTree = "<group>";
		};
		80E8EB1927E9FF740012325D /* CatchKennyAppUITests */ = {
			isa = PBXGroup;
			children = (
				80E8EB1A27E9FF740012325D /* CatchKennyAppUITests.swift */,
				80E8EB1C27E9FF740012325D /* CatchKennyAppUITestsLaunchTests.swift */,
			);
			path = CatchKennyAppUITests;
			sourceTree = "<group>";
		};
/* End PBXGroup section */

/* Begin PBXNativeTarget section */
		80E8EAF527E9FF730012325D /* CatchKennyApp */ = {
			isa = PBXNativeTarget;
			buildConfigurationList = 80E8EB2027E9FF740012325D /* Build configuration list for PBXNativeTarget "CatchKennyApp" */;
			buildPhases = (
				80E8EAF227E9FF730012325D /* Sources */,
				80E8EAF327E9FF730012325D /* Frameworks */,
				80E8EAF427E9FF730012325D /* Resources */,
			);
			buildRules = (
			);
			dependencies = (
			);
			name = CatchKennyApp;
			productName = CatchKennyApp;
			productReference = 80E8EAF627E9FF730012325D /* CatchKennyApp.app */;
			productType = "com.apple.product-type.application";
		};
		80E8EB0B27E9FF740012325D /* CatchKennyAppTests */ = {
			isa = PBXNativeTarget;
			buildConfigurationList = 80E8EB2327E9FF740012325D /* Build configuration list for PBXNativeTarget "CatchKennyAppTests" */;
			buildPhases = (
				80E8EB0827E9FF740012325D /* Sources */,
				80E8EB0927E9FF740012325D /* Frameworks */,
				80E8EB0A27E9FF740012325D /* Resources */,
			);
			buildRules = (
			);
			dependencies = (
				80E8EB0E27E9FF740012325D /* PBXTargetDependency */,
			);
			name = CatchKennyAppTests;
			productName = CatchKennyAppTests;
			productReference = 80E8EB0C27E9FF740012325D /* CatchKennyAppTests.xctest */;
			productType = "com.apple.product-type.bundle.unit-test";
		};
		80E8EB1527E9FF740012325D /* CatchKennyAppUITests */ = {
			isa = PBXNativeTarget;
			buildConfigurationList = 80E8EB2627E9FF740012325D /* Build configuration list for PBXNativeTarget "CatchKennyAppUITests" */;
			buildPhases = (
				80E8EB1227E9FF740012325D /* Sources */,
				80E8EB1327E9FF740012325D /* Frameworks */,
				80E8EB1427E9FF740012325D /* Resources */,
			);
			buildRules = (
			);
			dependencies = (
				80E8EB1827E9FF740012325D /* PBXTargetDependency */,
			);
			name = CatchKennyAppUITests;
			productName = CatchKennyAppUITests;
			productReference = 80E8EB1627E9FF740012325D /* CatchKennyAppUITests.xctest */;
			productType = "com.apple.product-type.bundle.ui-testing";
		};
/* End PBXNativeTarget section */

/* Begin PBXProject section */
		80E8EAEE27E9FF730012325D /* Project object */ = {
			isa = PBXProject;
			attributes = {
				BuildIndependentTargetsInParallel = 1;
				LastSwiftUpdateCheck = 1330;
				LastUpgradeCheck = 1330;
				TargetAttributes = {
					80E8EAF527E9FF730012325D = {
						CreatedOnToolsVersion = 13.3;
					};
					80E8EB0B27E9FF740012325D = {
						CreatedOnToolsVersion = 13.3;
						TestTargetID = 80E8EAF527E9FF730012325D;
					};
					80E8EB1527E9FF740012325D = {
						CreatedOnToolsVersion = 13.3;
						TestTargetID = 80E8EAF527E9FF730012325D;
					};
				};
			};
			buildConfigurationList = 80E8EAF127E9FF730012325D /* Build configuration list for PBXProject "CatchKennyApp" */;
			compatibilityVersion = "Xcode 13.0";
			developmentRegion = en;
			hasScannedForEncodings = 0;
			knownRegions = (
				en,
				Base,
			);
			mainGroup = 80E8EAED27E9FF730012325D;
			productRefGroup = 80E8EAF727E9FF730012325D /* Products */;
			projectDirPath = "";
			projectRoot = "";
			targets = (
				80E8EAF527E9FF730012325D /* CatchKennyApp */,
				80E8EB0B27E9FF740012325D /* CatchKennyAppTests */,
				80E8EB1527E9FF740012325D /* CatchKennyAppUITests */,
			);
		};
/* End PBXProject section */

/* Begin PBXResourcesBuildPhase section */
		80E8EAF427E9FF730012325D /* Resources */ = {
			isa = PBXResourcesBuildPhase;
			buildActionMask = 2147483647;
			files = (
				80E8EB0627E9FF740012325D /* LaunchScreen.storyboard in Resources */,
				80E8EB0327E9FF740012325D /* Assets.xcassets in Resources */,
				80E8EB0127E9FF730012325D /* Main.storyboard in Resources */,
			);
			runOnlyForDeploymentPostprocessing = 0;
		};
		80E8EB0A27E9FF740012325D /* Resources */ = {
			isa = PBXResourcesBuildPhase;
			buildActionMask = 2147483647;
			files = (
			);
			runOnlyForDeploymentPostprocessing = 0;
		};
		80E8EB1427E9FF740012325D /* Resources */ = {
			isa = PBXResourcesBuildPhase;
			buildActionMask = 2147483647;
			files = (
			);
			runOnlyForDeploymentPostprocessing = 0;
		};
/* End PBXResourcesBuildPhase section */

/* Begin PBXSourcesBuildPhase section */
		80E8EAF227E9FF730012325D /* Sources */ = {
			isa = PBXSourcesBuildPhase;
			buildActionMask = 2147483647;
			files = (
				80E8EAFE27E9FF730012325D /* ViewController.swift in Sources */,
				80E8EAFA27E9FF730012325D /* AppDelegate.swift in Sources */,
				80E8EAFC27E9FF730012325D /* SceneDelegate.swift in Sources */,
			);
			runOnlyForDeploymentPostprocessing = 0;
		};
		80E8EB0827E9FF740012325D /* Sources */ = {
			isa = PBXSourcesBuildPhase;
			buildActionMask = 2147483647;
			files = (
				80E8EB1127E9FF740012325D /* CatchKennyAppTests.swift in Sources */,
			);
			runOnlyForDeploymentPostprocessing = 0;
		};
		80E8EB1227E9FF740012325D /* Sources */ = {
			isa = PBXSourcesBuildPhase;
			buildActionMask = 2147483647;
			files = (
				80E8EB1D27E9FF740012325D /* CatchKennyAppUITestsLaunchTests.swift in Sources */,
				80E8EB1B27E9FF740012325D /* CatchKennyAppUITests.swift in Sources */,
			);
			runOnlyForDeploymentPostprocessing = 0;
		};
/* End PBXSourcesBuildPhase section */

/* Begin PBXTargetDependency section */
		80E8EB0E27E9FF740012325D /* PBXTargetDependency */ = {
			isa = PBXTargetDependency;
			target = 80E8EAF527E9FF730012325D /* CatchKennyApp */;
			targetProxy = 80E8EB0D27E9FF740012325D /* PBXContainerItemProxy */;
		};
		80E8EB1827E9FF740012325D /* PBXTargetDependency */ = {
			isa = PBXTargetDependency;
			target = 80E8EAF527E9FF730012325D /* CatchKennyApp */;
			targetProxy = 80E8EB1727E9FF740012325D /* PBXContainerItemProxy */;
		};
/* End PBXTargetDependency section */

/* Begin PBXVariantGroup section */
		80E8EAFF27E9FF730012325D /* Main.storyboard */ = {
			isa = PBXVariantGroup;
			children = (
				80E8EB0027E9FF730012325D /* Base */,
			);
			name = Main.storyboard;
			sourceTree = "<group>";
		};
		80E8EB0427E9FF740012325D /* LaunchScreen.storyboard */ = {
			isa = PBXVariantGroup;
			children = (
				80E8EB0527E9FF740012325D /* Base */,
			);
			name = LaunchScreen.storyboard;
			sourceTree = "<group>";
		};
/* End PBXVariantGroup section */

/* Begin XCBuildConfiguration section */
		80E8EB1E27E9FF740012325D /* Debug */ = {
			isa = XCBuildConfiguration;
			buildSettings = {
				ALWAYS_SEARCH_USER_PATHS = NO;
				CLANG_ANALYZER_NONNULL = YES;
				CLANG_ANALYZER_NUMBER_OBJECT_CONVERSION = YES_AGGRESSIVE;
				CLANG_CXX_LANGUAGE_STANDARD = "gnu++17";
				CLANG_ENABLE_MODULES = YES;
				CLANG_ENABLE_OBJC_ARC = YES;
				CLANG_ENABLE_OBJC_WEAK = YES;
				CLANG_WARN_BLOCK_CAPTURE_AUTORELEASING = YES;
				CLANG_WARN_BOOL_CONVERSION = YES;
				CLANG_WARN_COMMA = YES;
				CLANG_WARN_CONSTANT_CONVERSION = YES;
				CLANG_WARN_DEPRECATED_OBJC_IMPLEMENTATIONS = YES;
				CLANG_WARN_DIRECT_OBJC_ISA_USAGE = YES_ERROR;
				CLANG_WARN_DOCUMENTATION_COMMENTS = YES;
				CLANG_WARN_EMPTY_BODY = YES;
				CLANG_WARN_ENUM_CONVERSION = YES;
				CLANG_WARN_INFINITE_RECURSION = YES;
				CLANG_WARN_INT_CONVERSION = YES;
				CLANG_WARN_NON_LITERAL_NULL_CONVERSION = YES;
				CLANG_WARN_OBJC_IMPLICIT_RETAIN_SELF = YES;
				CLANG_WARN_OBJC_LITERAL_CONVERSION = YES;
				CLANG_WARN_OBJC_ROOT_CLASS = YES_ERROR;
				CLANG_WARN_QUOTED_INCLUDE_IN_FRAMEWORK_HEADER = YES;
				CLANG_WARN_RANGE_LOOP_ANALYSIS = YES;
				CLANG_WARN_STRICT_PROTOTYPES = YES;
				CLANG_WARN_SUSPICIOUS_MOVE = YES;
				CLANG_WARN_UNGUARDED_AVAILABILITY = YES_AGGRESSIVE;
				CLANG_WARN_UNREACHABLE_CODE = YES;
				CLANG_WARN__DUPLICATE_METHOD_MATCH = YES;
				COPY_PHASE_STRIP = NO;
				DEBUG_INFORMATION_FORMAT = dwarf;
				ENABLE_STRICT_OBJC_MSGSEND = YES;
				ENABLE_TESTABILITY = YES;
				GCC_C_LANGUAGE_STANDARD = gnu11;
				GCC_DYNAMIC_NO_PIC = NO;
				GCC_NO_COMMON_BLOCKS = YES;
				GCC_OPTIMIZATION_LEVEL = 0;
				GCC_PREPROCESSOR_DEFINITIONS = (
					"DEBUG=1",
					"$(inherited)",
				);
				GCC_WARN_64_TO_32_BIT_CONVERSION = YES;
				GCC_WARN_ABOUT_RETURN_TYPE = YES_ERROR;
				GCC_WARN_UNDECLARED_SELECTOR = YES;
				GCC_WARN_UNINITIALIZED_AUTOS = YES_AGGRESSIVE;
				GCC_WARN_UNUSED_FUNCTION = YES;
				GCC_WARN_UNUSED_VARIABLE = YES;
				IPHONEOS_DEPLOYMENT_TARGET = 15.4;
				MTL_ENABLE_DEBUG_INFO = INCLUDE_SOURCE;
				MTL_FAST_MATH = YES;
				ONLY_ACTIVE_ARCH = YES;
				SDKROOT = iphoneos;
				SWIFT_ACTIVE_COMPILATION_CONDITIONS = DEBUG;
				SWIFT_OPTIMIZATION_LEVEL = "-Onone";
			};
			name = Debug;
		};
		80E8EB1F27E9FF740012325D /* Release */ = {
			isa = XCBuildConfiguration;
			buildSettings = {
				ALWAYS_SEARCH_USER_PATHS = NO;
				CLANG_ANALYZER_NONNULL = YES;
				CLANG_ANALYZER_NUMBER_OBJECT_CONVERSION = YES_AGGRESSIVE;
				CLANG_CXX_LANGUAGE_STANDARD = "gnu++17";
				CLANG_ENABLE_MODULES = YES;
				CLANG_ENABLE_OBJC_ARC = YES;
				CLANG_ENABLE_OBJC_WEAK = YES;
				CLANG_WARN_BLOCK_CAPTURE_AUTORELEASING = YES;
				CLANG_WARN_BOOL_CONVERSION = YES;
				CLANG_WARN_COMMA = YES;
				CLANG_WARN_CONSTANT_CONVERSION = YES;
				CLANG_WARN_DEPRECATED_OBJC_IMPLEMENTATIONS = YES;
				CLANG_WARN_DIRECT_OBJC_ISA_USAGE = YES_ERROR;
				CLANG_WARN_DOCUMENTATION_COMMENTS = YES;
				CLANG_WARN_EMPTY_BODY = YES;
				CLANG_WARN_ENUM_CONVERSION = YES;
				CLANG_WARN_INFINITE_RECURSION = YES;
				CLANG_WARN_INT_CONVERSION = YES;
				CLANG_WARN_NON_LITERAL_NULL_CONVERSION = YES;
				CLANG_WARN_OBJC_IMPLICIT_RETAIN_SELF = YES;
				CLANG_WARN_OBJC_LITERAL_CONVERSION = YES;
				CLANG_WARN_OBJC_ROOT_CLASS = YES_ERROR;
				CLANG_WARN_QUOTED_INCLUDE_IN_FRAMEWORK_HEADER = YES;
				CLANG_WARN_RANGE_LOOP_ANALYSIS = YES;
				CLANG_WARN_STRICT_PROTOTYPES = YES;
				CLANG_WARN_SUSPICIOUS_MOVE = YES;
				CLANG_WARN_UNGUARDED_AVAILABILITY = YES_AGGRESSIVE;
				CLANG_WARN_UNREACHABLE_CODE = YES;
				CLANG_WARN__DUPLICATE_METHOD_MATCH = YES;
				COPY_PHASE_STRIP = NO;
				DEBUG_INFORMATION_FORMAT = "dwarf-with-dsym";
				ENABLE_NS_ASSERTIONS = NO;
				ENABLE_STRICT_OBJC_MSGSEND = YES;
				GCC_C_LANGUAGE_STANDARD = gnu11;
				GCC_NO_COMMON_BLOCKS = YES;
				GCC_WARN_64_TO_32_BIT_CONVERSION = YES;
				GCC_WARN_ABOUT_RETURN_TYPE = YES_ERROR;
				GCC_WARN_UNDECLARED_SELECTOR = YES;
				GCC_WARN_UNINITIALIZED_AUTOS = YES_AGGRESSIVE;
				GCC_WARN_UNUSED_FUNCTION = YES;
				GCC_WARN_UNUSED_VARIABLE = YES;
				IPHONEOS_DEPLOYMENT_TARGET = 15.4;
				MTL_ENABLE_DEBUG_INFO = NO;
				MTL_FAST_MATH = YES;
				SDKROOT = iphoneos;
				SWIFT_COMPILATION_MODE = wholemodule;
				SWIFT_OPTIMIZATION_LEVEL = "-O";
				VALIDATE_PRODUCT = YES;
			};
			name = Release;
		};
		80E8EB2127E9FF740012325D /* Debug */ = {
			isa = XCBuildConfiguration;
			buildSettings = {
				ASSETCATALOG_COMPILER_APPICON_NAME = AppIcon;
				ASSETCATALOG_COMPILER_GLOBAL_ACCENT_COLOR_NAME = AccentColor;
				CODE_SIGN_STYLE = Automatic;
				CURRENT_PROJECT_VERSION = 1;
				DEVELOPMENT_TEAM = KL76P2J62Y;
				GENERATE_INFOPLIST_FILE = YES;
				INFOPLIST_FILE = CatchKennyApp/Info.plist;
				INFOPLIST_KEY_UIApplicationSupportsIndirectInputEvents = YES;
				INFOPLIST_KEY_UILaunchStoryboardName = LaunchScreen;
				INFOPLIST_KEY_UIMainStoryboardFile = Main;
				INFOPLIST_KEY_UISupportedInterfaceOrientations_iPad = "UIInterfaceOrientationPortrait UIInterfaceOrientationPortraitUpsideDown UIInterfaceOrientationLandscapeLeft UIInterfaceOrientationLandscapeRight";
				INFOPLIST_KEY_UISupportedInterfaceOrientations_iPhone = "UIInterfaceOrientationPortrait UIInterfaceOrientationLandscapeLeft UIInterfaceOrientationLandscapeRight";
				LD_RUNPATH_SEARCH_PATHS = (
					"$(inherited)",
					"@executable_path/Frameworks",
				);
				MARKETING_VERSION = 1.0;
				PRODUCT_BUNDLE_IDENTIFIER = elifyildirim.CatchKennyApp;
				PRODUCT_NAME = "$(TARGET_NAME)";
				SWIFT_EMIT_LOC_STRINGS = YES;
				SWIFT_VERSION = 5.0;
				TARGETED_DEVICE_FAMILY = "1,2";
			};
			name = Debug;
		};
		80E8EB2227E9FF740012325D /* Release */ = {
			isa = XCBuildConfiguration;
			buildSettings = {
				ASSETCATALOG_COMPILER_APPICON_NAME = AppIcon;
				ASSETCATALOG_COMPILER_GLOBAL_ACCENT_COLOR_NAME = AccentColor;
				CODE_SIGN_STYLE = Automatic;
				CURRENT_PROJECT_VERSION = 1;
				DEVELOPMENT_TEAM = KL76P2J62Y;
				GENERATE_INFOPLIST_FILE = YES;
				INFOPLIST_FILE = CatchKennyApp/Info.plist;
				INFOPLIST_KEY_UIApplicationSupportsIndirectInputEvents = YES;
				INFOPLIST_KEY_UILaunchStoryboardName = LaunchScreen;
				INFOPLIST_KEY_UIMainStoryboardFile = Main;
				INFOPLIST_KEY_UISupportedInterfaceOrientations_iPad = "UIInterfaceOrientationPortrait UIInterfaceOrientationPortraitUpsideDown UIInterfaceOrientationLandscapeLeft UIInterfaceOrientationLandscapeRight";
				INFOPLIST_KEY_UISupportedInterfaceOrientations_iPhone = "UIInterfaceOrientationPortrait UIInterfaceOrientationLandscapeLeft UIInterfaceOrientationLandscapeRight";
				LD_RUNPATH_SEARCH_PATHS = (
					"$(inherited)",
					"@executable_path/Frameworks",
				);
				MARKETING_VERSION = 1.0;
				PRODUCT_BUNDLE_IDENTIFIER = elifyildirim.CatchKennyApp;
				PRODUCT_NAME = "$(TARGET_NAME)";
				SWIFT_EMIT_LOC_STRINGS = YES;
				SWIFT_VERSION = 5.0;
				TARGETED_DEVICE_FAMILY = "1,2";
			};
			name = Release;
		};
		80E8EB2427E9FF740012325D /* Debug */ = {
			isa = XCBuildConfiguration;
			buildSettings = {
				ALWAYS_EMBED_SWIFT_STANDARD_LIBRARIES = YES;
				BUNDLE_LOADER = "$(TEST_HOST)";
				CODE_SIGN_STYLE = Automatic;
				CURRENT_PROJECT_VERSION = 1;
				DEVELOPMENT_TEAM = KL76P2J62Y;
				GENERATE_INFOPLIST_FILE = YES;
				IPHONEOS_DEPLOYMENT_TARGET = 15.4;
				MARKETING_VERSION = 1.0;
				PRODUCT_BUNDLE_IDENTIFIER = elifyildirim.CatchKennyAppTests;
				PRODUCT_NAME = "$(TARGET_NAME)";
				SWIFT_EMIT_LOC_STRINGS = NO;
				SWIFT_VERSION = 5.0;
				TARGETED_DEVICE_FAMILY = "1,2";
				TEST_HOST = "$(BUILT_PRODUCTS_DIR)/CatchKennyApp.app/CatchKennyApp";
			};
			name = Debug;
		};
		80E8EB2527E9FF740012325D /* Release */ = {
			isa = XCBuildConfiguration;
			buildSettings = {
				ALWAYS_EMBED_SWIFT_STANDARD_LIBRARIES = YES;
				BUNDLE_LOADER = "$(TEST_HOST)";
				CODE_SIGN_STYLE = Automatic;
				CURRENT_PROJECT_VERSION = 1;
				DEVELOPMENT_TEAM = KL76P2J62Y;
				GENERATE_INFOPLIST_FILE = YES;
				IPHONEOS_DEPLOYMENT_TARGET = 15.4;
				MARKETING_VERSION = 1.0;
				PRODUCT_BUNDLE_IDENTIFIER = elifyildirim.CatchKennyAppTests;
				PRODUCT_NAME = "$(TARGET_NAME)";
				SWIFT_EMIT_LOC_STRINGS = NO;
				SWIFT_VERSION = 5.0;
				TARGETED_DEVICE_FAMILY = "1,2";
				TEST_HOST = "$(BUILT_PRODUCTS_DIR)/CatchKennyApp.app/CatchKennyApp";
			};
			name = Release;
		};
		80E8EB2727E9FF740012325D /* Debug */ = {
			isa = XCBuildConfiguration;
			buildSettings = {
				ALWAYS_EMBED_SWIFT_STANDARD_LIBRARIES = YES;
				CODE_SIGN_STYLE = Automatic;
				CURRENT_PROJECT_VERSION = 1;
				DEVELOPMENT_TEAM = KL76P2J62Y;
				GENERATE_INFOPLIST_FILE = YES;
				MARKETING_VERSION = 1.0;
				PRODUCT_BUNDLE_IDENTIFIER = elifyildirim.CatchKennyAppUITests;
				PRODUCT_NAME = "$(TARGET_NAME)";
				SWIFT_EMIT_LOC_STRINGS = NO;
				SWIFT_VERSION = 5.0;
				TARGETED_DEVICE_FAMILY = "1,2";
				TEST_TARGET_NAME = CatchKennyApp;
			};
			name = Debug;
		};
		80E8EB2827E9FF740012325D /* Release */ = {
			isa = XCBuildConfiguration;
			buildSettings = {
				ALWAYS_EMBED_SWIFT_STANDARD_LIBRARIES = YES;
				CODE_SIGN_STYLE = Automatic;
				CURRENT_PROJECT_VERSION = 1;
				DEVELOPMENT_TEAM = KL76P2J62Y;
				GENERATE_INFOPLIST_FILE = YES;
				MARKETING_VERSION = 1.0;
				PRODUCT_BUNDLE_IDENTIFIER = elifyildirim.CatchKennyAppUITests;
				PRODUCT_NAME = "$(TARGET_NAME)";
				SWIFT_EMIT_LOC_STRINGS = NO;
				SWIFT_VERSION = 5.0;
				TARGETED_DEVICE_FAMILY = "1,2";
				TEST_TARGET_NAME = CatchKennyApp;
			};
			name = Release;
		};
/* End XCBuildConfiguration section */

/* Begin XCConfigurationList section */
		80E8EAF127E9FF730012325D /* Build configuration list for PBXProject "CatchKennyApp" */ = {
			isa = XCConfigurationList;
			buildConfigurations = (
				80E8EB1E27E9FF740012325D /* Debug */,
				80E8EB1F27E9FF740012325D /* Release */,
			);
			defaultConfigurationIsVisible = 0;
			defaultConfigurationName = Release;
		};
		80E8EB2027E9FF740012325D /* Build configuration list for PBXNativeTarget "CatchKennyApp" */ = {
			isa = XCConfigurationList;
			buildConfigurations = (
				80E8EB2127E9FF740012325D /* Debug */,
				80E8EB2227E9FF740012325D /* Release */,
			);
			defaultConfigurationIsVisible = 0;
			defaultConfigurationName = Release;
		};
		80E8EB2327E9FF740012325D /* Build configuration list for PBXNativeTarget "CatchKennyAppTests" */ = {
			isa = XCConfigurationList;
			buildConfigurations = (
				80E8EB2427E9FF740012325D /* Debug */,
				80E8EB2527E9FF740012325D /* Release */,
			);
			defaultConfigurationIsVisible = 0;
			defaultConfigurationName = Release;
		};
		80E8EB2627E9FF740012325D /* Build configuration list for PBXNativeTarget "CatchKennyAppUITests" */ = {
			isa = XCConfigurationList;
			buildConfigurations = (
				80E8EB2727E9FF740012325D /* Debug */,
				80E8EB2827E9FF740012325D /* Release */,
			);
			defaultConfigurationIsVisible = 0;
			defaultConfigurationName = Release;
		};
/* End XCConfigurationList section */
	};
	rootObject = 80E8EAEE27E9FF730012325D /* Project object */;
}
